
Microsoft Visual Studio Solution File, Format Version 12.00
Project("{FAE04EC0-301F-11D3-BF4B-00C04F79EFBC}") = "cs-identity-manager-host", "cs-identity-manager-host\cs-identity-manager-host.csproj", "{4E9F2CD5-9D59-419D-88E8-C3EE0FD7C579}"
EndProject
Project("{2150E333-8FDC-42A3-9474-1A3956D46DE8}") = "shell", "shell", "{B0B9FBF0-7016-4D6B-9A5A-86548F6DFDD1}"
EndProject
Project("{2150E333-8FDC-42A3-9474-1A3956D46DE8}") = "src", "src", "{A6076F38-3620-4ED9-8DB2-D06BF0637419}"
EndProject
Project("{2150E333-8FDC-42A3-9474-1A3956D46DE8}") = "kernel", "kernel", "{B6415B3F-7E14-4094-B20A-B2D3E14BA9EB}"
EndProject
Project("{2150E333-8FDC-42A3-9474-1A3956D46DE8}") = "presentation", "presentation", "{4408CF59-8E83-40E7-A2E6-EFA0F1623F19}"
EndProject
Project("{2150E333-8FDC-42A3-9474-1A3956D46DE8}") = "test", "test", "{CFACB355-33EB-4106-9A96-DC59D7F4584F}"
EndProject
Project("{FAE04EC0-301F-11D3-BF4B-00C04F79EFBC}") = "cs-identity-manager-infrastructure", "cs-identity-manager-infrastructure\cs-identity-manager-infrastructure.csproj", "{8A4D1FE2-D622-47DB-9B45-F57E3707B882}"
EndProject
Project("{FAE04EC0-301F-11D3-BF4B-00C04F79EFBC}") = "cs-identity-manager-domain", "cs-identity-manager-domain\cs-identity-manager-domain.csproj", "{5F277452-6D15-4B15-B075-991444AA711C}"
EndProject
Global
	GlobalSection(SolutionConfigurationPlatforms) = preSolution
		Debug|Any CPU = Debug|Any CPU
		Release|Any CPU = Release|Any CPU
	EndGlobalSection
	GlobalSection(ProjectConfigurationPlatforms) = postSolution
		{4E9F2CD5-9D59-419D-88E8-C3EE0FD7C579}.Debug|Any CPU.ActiveCfg = Debug|Any CPU
		{4E9F2CD5-9D59-419D-88E8-C3EE0FD7C579}.Debug|Any CPU.Build.0 = Debug|Any CPU
		{4E9F2CD5-9D59-419D-88E8-C3EE0FD7C579}.Release|Any CPU.ActiveCfg = Release|Any CPU
		{4E9F2CD5-9D59-419D-88E8-C3EE0FD7C579}.Release|Any CPU.Build.0 = Release|Any CPU
		{8A4D1FE2-D622-47DB-9B45-F57E3707B882}.Debug|Any CPU.ActiveCfg = Debug|Any CPU
		{8A4D1FE2-D622-47DB-9B45-F57E3707B882}.Debug|Any CPU.Build.0 = Debug|Any CPU
		{8A4D1FE2-D622-47DB-9B45-F57E3707B882}.Release|Any CPU.ActiveCfg = Release|Any CPU
		{8A4D1FE2-D622-47DB-9B45-F57E3707B882}.Release|Any CPU.Build.0 = Release|Any CPU
		{5F277452-6D15-4B15-B075-991444AA711C}.Debug|Any CPU.ActiveCfg = Debug|Any CPU
		{5F277452-6D15-4B15-B075-991444AA711C}.Debug|Any CPU.Build.0 = Debug|Any CPU
		{5F277452-6D15-4B15-B075-991444AA711C}.Release|Any CPU.ActiveCfg = Release|Any CPU
		{5F277452-6D15-4B15-B075-991444AA711C}.Release|Any CPU.Build.0 = Release|Any CPU
	EndGlobalSection
	GlobalSection(NestedProjects) = preSolution
		{B0B9FBF0-7016-4D6B-9A5A-86548F6DFDD1} = {A6076F38-3620-4ED9-8DB2-D06BF0637419}
		{4E9F2CD5-9D59-419D-88E8-C3EE0FD7C579} = {A6076F38-3620-4ED9-8DB2-D06BF0637419}
		{B6415B3F-7E14-4094-B20A-B2D3E14BA9EB} = {A6076F38-3620-4ED9-8DB2-D06BF0637419}
		{4408CF59-8E83-40E7-A2E6-EFA0F1623F19} = {A6076F38-3620-4ED9-8DB2-D06BF0637419}
		{8A4D1FE2-D622-47DB-9B45-F57E3707B882} = {B0B9FBF0-7016-4D6B-9A5A-86548F6DFDD1}
		{5F277452-6D15-4B15-B075-991444AA711C} = {B6415B3F-7E14-4094-B20A-B2D3E14BA9EB}
	EndGlobalSection
EndGlobal
